
Microsoft Visual Studio Solution File, Format Version 12.00
# Visual Studio 14
VisualStudioVersion = 14.0.24720.0
MinimumVisualStudioVersion = 10.0.40219.1
Project("{FAE04EC0-301F-11D3-BF4B-00C04F79EFBC}") = "Day01", "Day01\Day01.csproj", "{7A9EEB9C-3FD6-4E7A-A9CF-D158469B4265}"
EndProject
Project("{FAE04EC0-301F-11D3-BF4B-00C04F79EFBC}") = "Day02", "Day02\Day02.csproj", "{31FAB7B0-06B6-4C93-AC65-6119E68B65DC}"
EndProject
Project("{FAE04EC0-301F-11D3-BF4B-00C04F79EFBC}") = "Day03", "Day03\Day03.csproj", "{53036A32-F10E-40E2-AB71-D9BF2095A39D}"
EndProject
Project("{FAE04EC0-301F-11D3-BF4B-00C04F79EFBC}") = "Day04", "Day04\Day04.csproj", "{A791A620-FF3A-45B8-A84E-F18DC4A10CF4}"
EndProject
Project("{FAE04EC0-301F-11D3-BF4B-00C04F79EFBC}") = "Day05", "Day05\Day05.csproj", "{D748298B-2928-4B89-BCCF-F3F28AD773BA}"
EndProject
Project("{FAE04EC0-301F-11D3-BF4B-00C04F79EFBC}") = "Day06", "Day06\Day06.csproj", "{DACEE4F8-F539-4760-8CAA-73E1AA5CA52E}"
EndProject
Project("{FAE04EC0-301F-11D3-BF4B-00C04F79EFBC}") = "Day07", "Day07\Day07.csproj", "{64AA5814-5FE3-42C9-893F-B48CD23BD2FD}"
EndProject
Project("{FAE04EC0-301F-11D3-BF4B-00C04F79EFBC}") = "UnitTest", "UnitTest\UnitTest.csproj", "{AE2FD1B3-6CBC-4B1D-BEAE-A174B72E2504}"
EndProject
Project("{FAE04EC0-301F-11D3-BF4B-00C04F79EFBC}") = "Day08", "Day08\Day08.csproj", "{D22245DE-4E5E-4A48-B4EC-D19EFC1421EF}"
EndProject
Project("{FAE04EC0-301F-11D3-BF4B-00C04F79EFBC}") = "Day09", "Day09\Day09.csproj", "{2EB3313A-1A44-429D-A0B2-0D5E567B8190}"
EndProject
Project("{FAE04EC0-301F-11D3-BF4B-00C04F79EFBC}") = "Day10", "Day10\Day10.csproj", "{2375D8B7-E009-4ED2-8534-801B2C3DC7AB}"
EndProject
Global
	GlobalSection(SolutionConfigurationPlatforms) = preSolution
		Debug|Any CPU = Debug|Any CPU
		Release|Any CPU = Release|Any CPU
	EndGlobalSection
	GlobalSection(ProjectConfigurationPlatforms) = postSolution
		{7A9EEB9C-3FD6-4E7A-A9CF-D158469B4265}.Debug|Any CPU.ActiveCfg = Debug|Any CPU
		{7A9EEB9C-3FD6-4E7A-A9CF-D158469B4265}.Debug|Any CPU.Build.0 = Debug|Any CPU
		{7A9EEB9C-3FD6-4E7A-A9CF-D158469B4265}.Release|Any CPU.ActiveCfg = Release|Any CPU
		{7A9EEB9C-3FD6-4E7A-A9CF-D158469B4265}.Release|Any CPU.Build.0 = Release|Any CPU
		{31FAB7B0-06B6-4C93-AC65-6119E68B65DC}.Debug|Any CPU.ActiveCfg = Debug|Any CPU
		{31FAB7B0-06B6-4C93-AC65-6119E68B65DC}.Debug|Any CPU.Build.0 = Debug|Any CPU
		{31FAB7B0-06B6-4C93-AC65-6119E68B65DC}.Release|Any CPU.ActiveCfg = Release|Any CPU
		{31FAB7B0-06B6-4C93-AC65-6119E68B65DC}.Release|Any CPU.Build.0 = Release|Any CPU
		{53036A32-F10E-40E2-AB71-D9BF2095A39D}.Debug|Any CPU.ActiveCfg = Debug|Any CPU
		{53036A32-F10E-40E2-AB71-D9BF2095A39D}.Debug|Any CPU.Build.0 = Debug|Any CPU
		{53036A32-F10E-40E2-AB71-D9BF2095A39D}.Release|Any CPU.ActiveCfg = Release|Any CPU
		{53036A32-F10E-40E2-AB71-D9BF2095A39D}.Release|Any CPU.Build.0 = Release|Any CPU
		{A791A620-FF3A-45B8-A84E-F18DC4A10CF4}.Debug|Any CPU.ActiveCfg = Debug|Any CPU
		{A791A620-FF3A-45B8-A84E-F18DC4A10CF4}.Debug|Any CPU.Build.0 = Debug|Any CPU
		{A791A620-FF3A-45B8-A84E-F18DC4A10CF4}.Release|Any CPU.ActiveCfg = Release|Any CPU
		{A791A620-FF3A-45B8-A84E-F18DC4A10CF4}.Release|Any CPU.Build.0 = Release|Any CPU
		{D748298B-2928-4B89-BCCF-F3F28AD773BA}.Debug|Any CPU.ActiveCfg = Debug|Any CPU
		{D748298B-2928-4B89-BCCF-F3F28AD773BA}.Debug|Any CPU.Build.0 = Debug|Any CPU
		{D748298B-2928-4B89-BCCF-F3F28AD773BA}.Release|Any CPU.ActiveCfg = Release|Any CPU
		{D748298B-2928-4B89-BCCF-F3F28AD773BA}.Release|Any CPU.Build.0 = Release|Any CPU
		{DACEE4F8-F539-4760-8CAA-73E1AA5CA52E}.Debug|Any CPU.ActiveCfg = Debug|Any CPU
		{DACEE4F8-F539-4760-8CAA-73E1AA5CA52E}.Debug|Any CPU.Build.0 = Debug|Any CPU
		{DACEE4F8-F539-4760-8CAA-73E1AA5CA52E}.Release|Any CPU.ActiveCfg = Release|Any CPU
		{DACEE4F8-F539-4760-8CAA-73E1AA5CA52E}.Release|Any CPU.Build.0 = Release|Any CPU
		{64AA5814-5FE3-42C9-893F-B48CD23BD2FD}.Debug|Any CPU.ActiveCfg = Debug|Any CPU
		{64AA5814-5FE3-42C9-893F-B48CD23BD2FD}.Debug|Any CPU.Build.0 = Debug|Any CPU
		{64AA5814-5FE3-42C9-893F-B48CD23BD2FD}.Release|Any CPU.ActiveCfg = Release|Any CPU
		{64AA5814-5FE3-42C9-893F-B48CD23BD2FD}.Release|Any CPU.Build.0 = Release|Any CPU
		{AE2FD1B3-6CBC-4B1D-BEAE-A174B72E2504}.Debug|Any CPU.ActiveCfg = Debug|Any CPU
		{AE2FD1B3-6CBC-4B1D-BEAE-A174B72E2504}.Debug|Any CPU.Build.0 = Debug|Any CPU
		{AE2FD1B3-6CBC-4B1D-BEAE-A174B72E2504}.Release|Any CPU.ActiveCfg = Release|Any CPU
		{AE2FD1B3-6CBC-4B1D-BEAE-A174B72E2504}.Release|Any CPU.Build.0 = Release|Any CPU
		{D22245DE-4E5E-4A48-B4EC-D19EFC1421EF}.Debug|Any CPU.ActiveCfg = Debug|Any CPU
		{D22245DE-4E5E-4A48-B4EC-D19EFC1421EF}.Debug|Any CPU.Build.0 = Debug|Any CPU
		{D22245DE-4E5E-4A48-B4EC-D19EFC1421EF}.Release|Any CPU.ActiveCfg = Release|Any CPU
		{D22245DE-4E5E-4A48-B4EC-D19EFC1421EF}.Release|Any CPU.Build.0 = Release|Any CPU
		{2EB3313A-1A44-429D-A0B2-0D5E567B8190}.Debug|Any CPU.ActiveCfg = Debug|Any CPU
		{2EB3313A-1A44-429D-A0B2-0D5E567B8190}.Debug|Any CPU.Build.0 = Debug|Any CPU
		{2EB3313A-1A44-429D-A0B2-0D5E567B8190}.Release|Any CPU.ActiveCfg = Release|Any CPU
		{2EB3313A-1A44-429D-A0B2-0D5E567B8190}.Release|Any CPU.Build.0 = Release|Any CPU
		{2375D8B7-E009-4ED2-8534-801B2C3DC7AB}.Debug|Any CPU.ActiveCfg = Debug|Any CPU
		{2375D8B7-E009-4ED2-8534-801B2C3DC7AB}.Debug|Any CPU.Build.0 = Debug|Any CPU
		{2375D8B7-E009-4ED2-8534-801B2C3DC7AB}.Release|Any CPU.ActiveCfg = Release|Any CPU
		{2375D8B7-E009-4ED2-8534-801B2C3DC7AB}.Release|Any CPU.Build.0 = Release|Any CPU
	EndGlobalSection
	GlobalSection(SolutionProperties) = preSolution
		HideSolutionNode = FALSE
	EndGlobalSection
EndGlobal
